
Microsoft Visual Studio Solution File, Format Version 12.00
# Visual Studio Version 17
VisualStudioVersion = 17.5.33414.496
MinimumVisualStudioVersion = 10.0.40219.1
Project("{8BC9CEB8-8B4A-11D0-8D11-00A0C91BC942}") = "jangi", "sdl2\janggi\janggi.vcxproj", "{44C8AB57-AC6D-405B-84E1-2CDC0712E2BF}"
EndProject
Project("{8BC9CEB8-8B4A-11D0-8D11-00A0C91BC942}") = "bomberman", "sdl2\bomberman\bomberman.vcxproj", "{EFAE5E70-3301-447A-9293-C798C3FC14B6}"
EndProject
Project("{8BC9CEB8-8B4A-11D0-8D11-00A0C91BC942}") = "grafx2", "sdl2\grafX2\project\msvc\grafx2-sdl2.vcxproj", "{2C23F950-9403-4871-848E-7E98BE9BD565}"
EndProject
Project("{8BC9CEB8-8B4A-11D0-8D11-00A0C91BC942}") = "flappybird", "sdl2\flappybird\flappybird.vcxproj", "{1B462583-AB2C-441C-B67F-D1D81A8A04D9}"
EndProject
Project("{8BC9CEB8-8B4A-11D0-8D11-00A0C91BC942}") = "tetris", "sdl2\tetris\tetris.vcxproj", "{49DCB5AB-2124-4290-ABEF-150E9B719AF6}"
EndProject
Project("{8BC9CEB8-8B4A-11D0-8D11-00A0C91BC942}") = "pacman", "sdl2\pacman\pacman.vcxproj", "{9DF0053B-DB74-4729-B07D-9DD00D7B5DE6}"
EndProject
Project("{8BC9CEB8-8B4A-11D0-8D11-00A0C91BC942}") = "minesweeper", "sdl2\minesweeper\minesweeper.vcxproj", "{EF735E73-5721-4065-9AD1-DFEDF23244E6}"
EndProject
Project("{8BC9CEB8-8B4A-11D0-8D11-00A0C91BC942}") = "pop", "sdl2\pop\pop.vcxproj", "{E2B68C23-896D-46D5-967F-8D11FF88B98D}"
EndProject
Project("{8BC9CEB8-8B4A-11D0-8D11-00A0C91BC942}") = "socoban", "sdl2\socoban\socoban.vcxproj", "{8401D738-17EE-4016-8543-59E44024D8DA}"
EndProject
Project("{8BC9CEB8-8B4A-11D0-8D11-00A0C91BC942}") = "box2d", "sdl2\box2d\test_box2d.vcxproj", "{820B4C05-CD75-4D1A-A910-54AAD3F40896}"
EndProject
Project("{8BC9CEB8-8B4A-11D0-8D11-00A0C91BC942}") = "mp3player", "sdl2\mp3player\mp3player.vcxproj", "{DA69E614-4030-4041-9333-02FDCB8B1C34}"
EndProject
Global
	GlobalSection(SolutionConfigurationPlatforms) = preSolution
		DEBUG_WIN32_DLL|x86 = DEBUG_WIN32_DLL|x86
		DEBUG_WIN32|x86 = DEBUG_WIN32|x86
		Debug|x86 = Debug|x86
		Release|x86 = Release|x86
	EndGlobalSection
	GlobalSection(ProjectConfigurationPlatforms) = postSolution
		{44C8AB57-AC6D-405B-84E1-2CDC0712E2BF}.DEBUG_WIN32_DLL|x86.ActiveCfg = DEBUG_WIN32_DLL|Win32
		{44C8AB57-AC6D-405B-84E1-2CDC0712E2BF}.DEBUG_WIN32_DLL|x86.Build.0 = DEBUG_WIN32_DLL|Win32
		{44C8AB57-AC6D-405B-84E1-2CDC0712E2BF}.DEBUG_WIN32|x86.ActiveCfg = DEBUG_WIN32|Win32
		{44C8AB57-AC6D-405B-84E1-2CDC0712E2BF}.DEBUG_WIN32|x86.Build.0 = DEBUG_WIN32|Win32
		{44C8AB57-AC6D-405B-84E1-2CDC0712E2BF}.Debug|x86.ActiveCfg = Debug|Win32
		{44C8AB57-AC6D-405B-84E1-2CDC0712E2BF}.Debug|x86.Build.0 = Debug|Win32
		{44C8AB57-AC6D-405B-84E1-2CDC0712E2BF}.Release|x86.ActiveCfg = Release|Win32
		{44C8AB57-AC6D-405B-84E1-2CDC0712E2BF}.Release|x86.Build.0 = Release|Win32
		{EFAE5E70-3301-447A-9293-C798C3FC14B6}.DEBUG_WIN32_DLL|x86.ActiveCfg = DEBUG_WIN32_DLL|Win32
		{EFAE5E70-3301-447A-9293-C798C3FC14B6}.DEBUG_WIN32_DLL|x86.Build.0 = DEBUG_WIN32_DLL|Win32
		{EFAE5E70-3301-447A-9293-C798C3FC14B6}.DEBUG_WIN32|x86.ActiveCfg = DEBUG_WIN32|Win32
		{EFAE5E70-3301-447A-9293-C798C3FC14B6}.DEBUG_WIN32|x86.Build.0 = DEBUG_WIN32|Win32
		{EFAE5E70-3301-447A-9293-C798C3FC14B6}.Debug|x86.ActiveCfg = Debug|Win32
		{EFAE5E70-3301-447A-9293-C798C3FC14B6}.Debug|x86.Build.0 = Debug|Win32
		{EFAE5E70-3301-447A-9293-C798C3FC14B6}.Release|x86.ActiveCfg = Release|Win32
		{EFAE5E70-3301-447A-9293-C798C3FC14B6}.Release|x86.Build.0 = Release|Win32
		{2C23F950-9403-4871-848E-7E98BE9BD565}.DEBUG_WIN32_DLL|x86.ActiveCfg = Debug|Win32
		{2C23F950-9403-4871-848E-7E98BE9BD565}.DEBUG_WIN32_DLL|x86.Build.0 = Debug|Win32
		{2C23F950-9403-4871-848E-7E98BE9BD565}.DEBUG_WIN32|x86.ActiveCfg = Debug|Win32
		{2C23F950-9403-4871-848E-7E98BE9BD565}.DEBUG_WIN32|x86.Build.0 = Debug|Win32
		{2C23F950-9403-4871-848E-7E98BE9BD565}.Debug|x86.ActiveCfg = Debug|Win32
		{2C23F950-9403-4871-848E-7E98BE9BD565}.Debug|x86.Build.0 = Debug|Win32
		{2C23F950-9403-4871-848E-7E98BE9BD565}.Release|x86.ActiveCfg = Release|Win32
		{2C23F950-9403-4871-848E-7E98BE9BD565}.Release|x86.Build.0 = Release|Win32
		{1B462583-AB2C-441C-B67F-D1D81A8A04D9}.DEBUG_WIN32_DLL|x86.ActiveCfg = DEBUG_WIN32_DLL|Win32
		{1B462583-AB2C-441C-B67F-D1D81A8A04D9}.DEBUG_WIN32_DLL|x86.Build.0 = DEBUG_WIN32_DLL|Win32
		{1B462583-AB2C-441C-B67F-D1D81A8A04D9}.DEBUG_WIN32|x86.ActiveCfg = DEBUG_WIN32|Win32
		{1B462583-AB2C-441C-B67F-D1D81A8A04D9}.DEBUG_WIN32|x86.Build.0 = DEBUG_WIN32|Win32
		{1B462583-AB2C-441C-B67F-D1D81A8A04D9}.Debug|x86.ActiveCfg = Debug|Win32
		{1B462583-AB2C-441C-B67F-D1D81A8A04D9}.Debug|x86.Build.0 = Debug|Win32
		{1B462583-AB2C-441C-B67F-D1D81A8A04D9}.Release|x86.ActiveCfg = Release|Win32
		{1B462583-AB2C-441C-B67F-D1D81A8A04D9}.Release|x86.Build.0 = Release|Win32
		{49DCB5AB-2124-4290-ABEF-150E9B719AF6}.DEBUG_WIN32_DLL|x86.ActiveCfg = DEBUG_WIN32_DLL|Win32
		{49DCB5AB-2124-4290-ABEF-150E9B719AF6}.DEBUG_WIN32_DLL|x86.Build.0 = DEBUG_WIN32_DLL|Win32
		{49DCB5AB-2124-4290-ABEF-150E9B719AF6}.DEBUG_WIN32|x86.ActiveCfg = DEBUG_WIN32|Win32
		{49DCB5AB-2124-4290-ABEF-150E9B719AF6}.DEBUG_WIN32|x86.Build.0 = DEBUG_WIN32|Win32
		{49DCB5AB-2124-4290-ABEF-150E9B719AF6}.Debug|x86.ActiveCfg = Debug|Win32
		{49DCB5AB-2124-4290-ABEF-150E9B719AF6}.Debug|x86.Build.0 = Debug|Win32
		{49DCB5AB-2124-4290-ABEF-150E9B719AF6}.Release|x86.ActiveCfg = Release|Win32
		{49DCB5AB-2124-4290-ABEF-150E9B719AF6}.Release|x86.Build.0 = Release|Win32
		{9DF0053B-DB74-4729-B07D-9DD00D7B5DE6}.DEBUG_WIN32_DLL|x86.ActiveCfg = DEBUG_WIN32_DLL|Win32
		{9DF0053B-DB74-4729-B07D-9DD00D7B5DE6}.DEBUG_WIN32_DLL|x86.Build.0 = DEBUG_WIN32_DLL|Win32
		{9DF0053B-DB74-4729-B07D-9DD00D7B5DE6}.DEBUG_WIN32|x86.ActiveCfg = DEBUG_WIN32|Win32
		{9DF0053B-DB74-4729-B07D-9DD00D7B5DE6}.DEBUG_WIN32|x86.Build.0 = DEBUG_WIN32|Win32
		{9DF0053B-DB74-4729-B07D-9DD00D7B5DE6}.Debug|x86.ActiveCfg = Debug|Win32
		{9DF0053B-DB74-4729-B07D-9DD00D7B5DE6}.Debug|x86.Build.0 = Debug|Win32
		{9DF0053B-DB74-4729-B07D-9DD00D7B5DE6}.Release|x86.ActiveCfg = Release|Win32
		{9DF0053B-DB74-4729-B07D-9DD00D7B5DE6}.Release|x86.Build.0 = Release|Win32
		{EF735E73-5721-4065-9AD1-DFEDF23244E6}.DEBUG_WIN32_DLL|x86.ActiveCfg = DEBUG_WIN32_DLL|Win32
		{EF735E73-5721-4065-9AD1-DFEDF23244E6}.DEBUG_WIN32_DLL|x86.Build.0 = DEBUG_WIN32_DLL|Win32
		{EF735E73-5721-4065-9AD1-DFEDF23244E6}.DEBUG_WIN32|x86.ActiveCfg = DEBUG_WIN32|Win32
		{EF735E73-5721-4065-9AD1-DFEDF23244E6}.DEBUG_WIN32|x86.Build.0 = DEBUG_WIN32|Win32
		{EF735E73-5721-4065-9AD1-DFEDF23244E6}.Debug|x86.ActiveCfg = Debug|Win32
		{EF735E73-5721-4065-9AD1-DFEDF23244E6}.Debug|x86.Build.0 = Debug|Win32
		{EF735E73-5721-4065-9AD1-DFEDF23244E6}.Release|x86.ActiveCfg = Release|Win32
		{EF735E73-5721-4065-9AD1-DFEDF23244E6}.Release|x86.Build.0 = Release|Win32
		{E2B68C23-896D-46D5-967F-8D11FF88B98D}.DEBUG_WIN32_DLL|x86.ActiveCfg = DEBUG_WIN32_DLL|Win32
		{E2B68C23-896D-46D5-967F-8D11FF88B98D}.DEBUG_WIN32_DLL|x86.Build.0 = DEBUG_WIN32_DLL|Win32
		{E2B68C23-896D-46D5-967F-8D11FF88B98D}.DEBUG_WIN32|x86.ActiveCfg = DEBUG_WIN32|Win32
		{E2B68C23-896D-46D5-967F-8D11FF88B98D}.DEBUG_WIN32|x86.Build.0 = DEBUG_WIN32|Win32
		{E2B68C23-896D-46D5-967F-8D11FF88B98D}.Debug|x86.ActiveCfg = Debug|Win32
		{E2B68C23-896D-46D5-967F-8D11FF88B98D}.Debug|x86.Build.0 = Debug|Win32
		{E2B68C23-896D-46D5-967F-8D11FF88B98D}.Release|x86.ActiveCfg = Release|Win32
		{E2B68C23-896D-46D5-967F-8D11FF88B98D}.Release|x86.Build.0 = Release|Win32
		{8401D738-17EE-4016-8543-59E44024D8DA}.DEBUG_WIN32_DLL|x86.ActiveCfg = DEBUG_WIN32_DLL|Win32
		{8401D738-17EE-4016-8543-59E44024D8DA}.DEBUG_WIN32_DLL|x86.Build.0 = DEBUG_WIN32_DLL|Win32
		{8401D738-17EE-4016-8543-59E44024D8DA}.DEBUG_WIN32|x86.ActiveCfg = DEBUG_WIN32|Win32
		{8401D738-17EE-4016-8543-59E44024D8DA}.DEBUG_WIN32|x86.Build.0 = DEBUG_WIN32|Win32
		{8401D738-17EE-4016-8543-59E44024D8DA}.Debug|x86.ActiveCfg = Debug|Win32
		{8401D738-17EE-4016-8543-59E44024D8DA}.Debug|x86.Build.0 = Debug|Win32
		{8401D738-17EE-4016-8543-59E44024D8DA}.Release|x86.ActiveCfg = Release|Win32
		{8401D738-17EE-4016-8543-59E44024D8DA}.Release|x86.Build.0 = Release|Win32
		{820B4C05-CD75-4D1A-A910-54AAD3F40896}.DEBUG_WIN32_DLL|x86.ActiveCfg = DEBUG_WIN32_DLL|Win32
		{820B4C05-CD75-4D1A-A910-54AAD3F40896}.DEBUG_WIN32_DLL|x86.Build.0 = DEBUG_WIN32_DLL|Win32
		{820B4C05-CD75-4D1A-A910-54AAD3F40896}.DEBUG_WIN32|x86.ActiveCfg = DEBUG_WIN32|Win32
		{820B4C05-CD75-4D1A-A910-54AAD3F40896}.DEBUG_WIN32|x86.Build.0 = DEBUG_WIN32|Win32
		{820B4C05-CD75-4D1A-A910-54AAD3F40896}.Debug|x86.ActiveCfg = Debug|Win32
		{820B4C05-CD75-4D1A-A910-54AAD3F40896}.Debug|x86.Build.0 = Debug|Win32
		{820B4C05-CD75-4D1A-A910-54AAD3F40896}.Release|x86.ActiveCfg = Release|Win32
		{820B4C05-CD75-4D1A-A910-54AAD3F40896}.Release|x86.Build.0 = Release|Win32
		{DA69E614-4030-4041-9333-02FDCB8B1C34}.DEBUG_WIN32_DLL|x86.ActiveCfg = DEBUG_WIN32_DLL|Win32
		{DA69E614-4030-4041-9333-02FDCB8B1C34}.DEBUG_WIN32_DLL|x86.Build.0 = DEBUG_WIN32_DLL|Win32
		{DA69E614-4030-4041-9333-02FDCB8B1C34}.DEBUG_WIN32|x86.ActiveCfg = DEBUG_WIN32|Win32
		{DA69E614-4030-4041-9333-02FDCB8B1C34}.DEBUG_WIN32|x86.Build.0 = DEBUG_WIN32|Win32
		{DA69E614-4030-4041-9333-02FDCB8B1C34}.Debug|x86.ActiveCfg = Debug|Win32
		{DA69E614-4030-4041-9333-02FDCB8B1C34}.Debug|x86.Build.0 = Debug|Win32
		{DA69E614-4030-4041-9333-02FDCB8B1C34}.Release|x86.ActiveCfg = Release|Win32
		{DA69E614-4030-4041-9333-02FDCB8B1C34}.Release|x86.Build.0 = Release|Win32
	EndGlobalSection
	GlobalSection(SolutionProperties) = preSolution
		HideSolutionNode = FALSE
	EndGlobalSection
	GlobalSection(ExtensibilityGlobals) = postSolution
		SolutionGuid = {C5D23E78-9A69-4FB9-9B60-8D5FBA5FC194}
	EndGlobalSection
EndGlobal
